{
  "name": "ingester",
  "lockfileVersion": 3,
  "requires": true,
  "packages": {
    "": {
      "name": "ingester",
      "dependencies": {
        "@skyware/jetstream": "^0.2.2"
      },
      "devDependencies": {
        "@tsconfig/node-ts": "^23.6.1",
        "@tsconfig/node24": "^24.0.1"
      }
    },
    "node_modules/@atcute/bluesky": {
      "version": "1.0.15",
      "resolved": "https://registry.npmjs.org/@atcute/bluesky/-/bluesky-1.0.15.tgz",
      "integrity": "sha512-+EFiybmKQ97aBAgtaD+cKRJER5AMn3cZMkEwEg/pDdWyzxYJ9m1UgemmLdTgI8VrxPufKqdXS2nl7uO7TY6BPA==",
      "license": "MIT",
      "peerDependencies": {
        "@atcute/client": "^1.0.0 || ^2.0.0"
      }
    },
    "node_modules/@atcute/client": {
      "version": "2.0.9",
      "resolved": "https://registry.npmjs.org/@atcute/client/-/client-2.0.9.tgz",
      "integrity": "sha512-QNDm9gMP6x9LY77ArwY+urQOBtQW74/onEAz42c40JxRm6Rl9K9cU4ROvNKJ+5cpVmEm1sthEWVRmDr5CSZENA==",
      "license": "MIT",
      "peer": true
    },
    "node_modules/@skyware/jetstream": {
      "version": "0.2.2",
      "resolved": "https://registry.npmjs.org/@skyware/jetstream/-/jetstream-0.2.2.tgz",
      "integrity": "sha512-d1MtWPTIFEciSzV8OClXZCJoz0DJ7aupt4EZSwpGAASYG0ZIPmZTt7RVJkoFzQyqRPHAMD7CvEwu0ut3MHX1og==",
      "license": "MPL-2.0",
      "dependencies": {
        "@atcute/bluesky": "^1.0.6",
        "partysocket": "^1.0.2"
      }
    },
    "node_modules/@tsconfig/node-ts": {
      "version": "23.6.1",
      "resolved": "https://registry.npmjs.org/@tsconfig/node-ts/-/node-ts-23.6.1.tgz",
      "integrity": "sha512-1E5cUp+S65pLKKI9VrGMQPWDHxOEq3dAGM2onG3fLeSRwWbylYFwhIjnzJikjSN7w2nCgwxmv8ifvUKDFkK38Q==",
      "dev": true,
      "license": "MIT"
    },
    "node_modules/@tsconfig/node24": {
      "version": "24.0.1",
      "resolved": "https://registry.npmjs.org/@tsconfig/node24/-/node24-24.0.1.tgz",
      "integrity": "sha512-3+IXshza3bIrT0tbHBr9CixQDVf4iBf0HTR0hCYowhpLqkzJjswu3UY8aZWjRXZep31kYB+o2SQeD8KwIoUHYw==",
      "dev": true,
      "license": "MIT"
    },
    "node_modules/event-target-polyfill": {
      "version": "0.0.4",
      "resolved": "https://registry.npmjs.org/event-target-polyfill/-/event-target-polyfill-0.0.4.tgz",
      "integrity": "sha512-Gs6RLjzlLRdT8X9ZipJdIZI/Y6/HhRLyq9RdDlCsnpxr/+Nn6bU2EFGuC94GjxqhM+Nmij2Vcq98yoHrU8uNFQ==",
      "license": "MIT"
    },
    "node_modules/partysocket": {
      "version": "1.1.4",
      "resolved": "https://registry.npmjs.org/partysocket/-/partysocket-1.1.4.tgz",
      "integrity": "sha512-jXP7PFj2h5/v4UjDS8P7MZy6NJUQ7sspiFyxL4uc/+oKOL+KdtXzHnTV8INPGxBrLTXgalyG3kd12Qm7WrYc3A==",
      "license": "ISC",
      "dependencies": {
        "event-target-polyfill": "^0.0.4"
      }
    }
  }
}
